
Microsoft Visual Studio Solution File, Format Version 12.00
# Visual Studio Version 17
VisualStudioVersion = 17.0.31903.59
MinimumVisualStudioVersion = 10.0.40219.1
Project("{2150E333-8FDC-42A3-9474-1A3956D46DE8}") = "src", "src", "{67D735CC-286A-4CA9-A5E5-3924EA268356}"
EndProject
Project("{FAE04EC0-301F-11D3-BF4B-00C04F79EFBC}") = "AuctionService", "src\AuctionService\AuctionService.csproj", "{7A1943D5-5C8D-4343-8048-C8FE90E7EAC9}"
EndProject
Project("{FAE04EC0-301F-11D3-BF4B-00C04F79EFBC}") = "SearchService", "src\SearchService\SearchService.csproj", "{71D59704-43CC-4A6D-B05F-EB5D83482DF2}"
EndProject
Project("{FAE04EC0-301F-11D3-BF4B-00C04F79EFBC}") = "Contracts", "src\Contracts\Contracts.csproj", "{ADCD4100-FD94-47C3-9096-778700AEA2EA}"
EndProject
Project("{FAE04EC0-301F-11D3-BF4B-00C04F79EFBC}") = "IdentityService", "src\IdentityService\IdentityService.csproj", "{3F50867D-AC27-447C-910A-A8AC415D8F0A}"
EndProject
Global
	GlobalSection(SolutionConfigurationPlatforms) = preSolution
		Debug|Any CPU = Debug|Any CPU
		Release|Any CPU = Release|Any CPU
	EndGlobalSection
	GlobalSection(SolutionProperties) = preSolution
		HideSolutionNode = FALSE
	EndGlobalSection
	GlobalSection(ProjectConfigurationPlatforms) = postSolution
		{7A1943D5-5C8D-4343-8048-C8FE90E7EAC9}.Debug|Any CPU.ActiveCfg = Debug|Any CPU
		{7A1943D5-5C8D-4343-8048-C8FE90E7EAC9}.Debug|Any CPU.Build.0 = Debug|Any CPU
		{7A1943D5-5C8D-4343-8048-C8FE90E7EAC9}.Release|Any CPU.ActiveCfg = Release|Any CPU
		{7A1943D5-5C8D-4343-8048-C8FE90E7EAC9}.Release|Any CPU.Build.0 = Release|Any CPU
		{71D59704-43CC-4A6D-B05F-EB5D83482DF2}.Debug|Any CPU.ActiveCfg = Debug|Any CPU
		{71D59704-43CC-4A6D-B05F-EB5D83482DF2}.Debug|Any CPU.Build.0 = Debug|Any CPU
		{71D59704-43CC-4A6D-B05F-EB5D83482DF2}.Release|Any CPU.ActiveCfg = Release|Any CPU
		{71D59704-43CC-4A6D-B05F-EB5D83482DF2}.Release|Any CPU.Build.0 = Release|Any CPU
		{ADCD4100-FD94-47C3-9096-778700AEA2EA}.Debug|Any CPU.ActiveCfg = Debug|Any CPU
		{ADCD4100-FD94-47C3-9096-778700AEA2EA}.Debug|Any CPU.Build.0 = Debug|Any CPU
		{ADCD4100-FD94-47C3-9096-778700AEA2EA}.Release|Any CPU.ActiveCfg = Release|Any CPU
		{ADCD4100-FD94-47C3-9096-778700AEA2EA}.Release|Any CPU.Build.0 = Release|Any CPU
		{3F50867D-AC27-447C-910A-A8AC415D8F0A}.Debug|Any CPU.ActiveCfg = Debug|Any CPU
		{3F50867D-AC27-447C-910A-A8AC415D8F0A}.Debug|Any CPU.Build.0 = Debug|Any CPU
		{3F50867D-AC27-447C-910A-A8AC415D8F0A}.Release|Any CPU.ActiveCfg = Release|Any CPU
		{3F50867D-AC27-447C-910A-A8AC415D8F0A}.Release|Any CPU.Build.0 = Release|Any CPU
	EndGlobalSection
	GlobalSection(NestedProjects) = preSolution
		{7A1943D5-5C8D-4343-8048-C8FE90E7EAC9} = {67D735CC-286A-4CA9-A5E5-3924EA268356}
		{71D59704-43CC-4A6D-B05F-EB5D83482DF2} = {67D735CC-286A-4CA9-A5E5-3924EA268356}
		{ADCD4100-FD94-47C3-9096-778700AEA2EA} = {67D735CC-286A-4CA9-A5E5-3924EA268356}
		{3F50867D-AC27-447C-910A-A8AC415D8F0A} = {67D735CC-286A-4CA9-A5E5-3924EA268356}
	EndGlobalSection
EndGlobal
